
Microsoft Visual Studio Solution File, Format Version 12.00
# Visual Studio 2012
Project("{FAE04EC0-301F-11D3-BF4B-00C04F79EFBC}") = "OpenXml.Excel.Data", "OpenXml.Excel.Data\OpenXml.Excel.Data.csproj", "{6396AE5D-CEFB-4E2F-9435-BCCD6141A983}"
EndProject
Project("{FAE04EC0-301F-11D3-BF4B-00C04F79EFBC}") = "OpenXml.Excel.Data.Test", "OpenXml.Excel.Data.Test\OpenXml.Excel.Data.Test.csproj", "{F3C7228B-9419-4E2C-A06E-3458B6610391}"
EndProject
Global
	GlobalSection(SolutionConfigurationPlatforms) = preSolution
		Debug|Any CPU = Debug|Any CPU
		Release|Any CPU = Release|Any CPU
	EndGlobalSection
	GlobalSection(ProjectConfigurationPlatforms) = postSolution
		{6396AE5D-CEFB-4E2F-9435-BCCD6141A983}.Debug|Any CPU.ActiveCfg = Debug|Any CPU
		{6396AE5D-CEFB-4E2F-9435-BCCD6141A983}.Debug|Any CPU.Build.0 = Debug|Any CPU
		{6396AE5D-CEFB-4E2F-9435-BCCD6141A983}.Release|Any CPU.ActiveCfg = Release|Any CPU
		{6396AE5D-CEFB-4E2F-9435-BCCD6141A983}.Release|Any CPU.Build.0 = Release|Any CPU
		{F3C7228B-9419-4E2C-A06E-3458B6610391}.Debug|Any CPU.ActiveCfg = Debug|Any CPU
		{F3C7228B-9419-4E2C-A06E-3458B6610391}.Debug|Any CPU.Build.0 = Debug|Any CPU
		{F3C7228B-9419-4E2C-A06E-3458B6610391}.Release|Any CPU.ActiveCfg = Release|Any CPU
		{F3C7228B-9419-4E2C-A06E-3458B6610391}.Release|Any CPU.Build.0 = Release|Any CPU
	EndGlobalSection
	GlobalSection(SolutionProperties) = preSolution
		HideSolutionNode = FALSE
	EndGlobalSection
EndGlobal
